
Microsoft Visual Studio Solution File, Format Version 12.00
# Visual Studio Version 17
VisualStudioVersion = 17.0.31912.275
MinimumVisualStudioVersion = 10.0.40219.1
Project("{9A19103F-16F7-4668-BE54-9A1E7A4F7556}") = "DemoPOM", "DemoPOM\DemoPOM.csproj", "{308B5382-A63C-4313-B0E8-7098208C4310}"
EndProject
Project("{FAE04EC0-301F-11D3-BF4B-00C04F79EFBC}") = "Project1.WebDriver", "Project1.WebDriver\Project1.WebDriver.csproj", "{3D49E740-E5C0-47B0-8232-F3F2FB344454}"
EndProject
Global
	GlobalSection(SolutionConfigurationPlatforms) = preSolution
		Debug|Any CPU = Debug|Any CPU
		Release|Any CPU = Release|Any CPU
	EndGlobalSection
	GlobalSection(ProjectConfigurationPlatforms) = postSolution
		{308B5382-A63C-4313-B0E8-7098208C4310}.Debug|Any CPU.ActiveCfg = Debug|Any CPU
		{308B5382-A63C-4313-B0E8-7098208C4310}.Debug|Any CPU.Build.0 = Debug|Any CPU
		{308B5382-A63C-4313-B0E8-7098208C4310}.Release|Any CPU.ActiveCfg = Release|Any CPU
		{308B5382-A63C-4313-B0E8-7098208C4310}.Release|Any CPU.Build.0 = Release|Any CPU
		{3D49E740-E5C0-47B0-8232-F3F2FB344454}.Debug|Any CPU.ActiveCfg = Debug|Any CPU
		{3D49E740-E5C0-47B0-8232-F3F2FB344454}.Debug|Any CPU.Build.0 = Debug|Any CPU
		{3D49E740-E5C0-47B0-8232-F3F2FB344454}.Release|Any CPU.ActiveCfg = Release|Any CPU
		{3D49E740-E5C0-47B0-8232-F3F2FB344454}.Release|Any CPU.Build.0 = Release|Any CPU
	EndGlobalSection
	GlobalSection(SolutionProperties) = preSolution
		HideSolutionNode = FALSE
	EndGlobalSection
	GlobalSection(ExtensibilityGlobals) = postSolution
		SolutionGuid = {F7DC9201-859E-4B5B-BEC7-7561419B0540}
	EndGlobalSection
EndGlobal
