
Microsoft Visual Studio Solution File, Format Version 12.00
# Visual Studio Version 16
VisualStudioVersion = 16.0.31112.23
MinimumVisualStudioVersion = 10.0.40219.1
Project("{FAE04EC0-301F-11D3-BF4B-00C04F79EFBC}") = "Final_HienNTN", "Final_HienNTN\Final_HienNTN.csproj", "{6C1C4411-DC48-468B-B9A3-F64AFD83A4A2}"
EndProject
Project("{FAE04EC0-301F-11D3-BF4B-00C04F79EFBC}") = "Auto", "Auto\Auto.csproj", "{550EA7F0-B2FA-4641-8288-65137D8BF9F5}"
EndProject
Global
	GlobalSection(SolutionConfigurationPlatforms) = preSolution
		Debug|Any CPU = Debug|Any CPU
		Release|Any CPU = Release|Any CPU
	EndGlobalSection
	GlobalSection(ProjectConfigurationPlatforms) = postSolution
		{6C1C4411-DC48-468B-B9A3-F64AFD83A4A2}.Debug|Any CPU.ActiveCfg = Debug|Any CPU
		{6C1C4411-DC48-468B-B9A3-F64AFD83A4A2}.Debug|Any CPU.Build.0 = Debug|Any CPU
		{6C1C4411-DC48-468B-B9A3-F64AFD83A4A2}.Release|Any CPU.ActiveCfg = Release|Any CPU
		{6C1C4411-DC48-468B-B9A3-F64AFD83A4A2}.Release|Any CPU.Build.0 = Release|Any CPU
		{550EA7F0-B2FA-4641-8288-65137D8BF9F5}.Debug|Any CPU.ActiveCfg = Debug|Any CPU
		{550EA7F0-B2FA-4641-8288-65137D8BF9F5}.Debug|Any CPU.Build.0 = Debug|Any CPU
		{550EA7F0-B2FA-4641-8288-65137D8BF9F5}.Release|Any CPU.ActiveCfg = Release|Any CPU
		{550EA7F0-B2FA-4641-8288-65137D8BF9F5}.Release|Any CPU.Build.0 = Release|Any CPU
	EndGlobalSection
	GlobalSection(SolutionProperties) = preSolution
		HideSolutionNode = FALSE
	EndGlobalSection
	GlobalSection(ExtensibilityGlobals) = postSolution
		SolutionGuid = {A3FADE5B-B965-44DC-B3F3-E64FB2C2C1B7}
	EndGlobalSection
EndGlobal
