
Microsoft Visual Studio Solution File, Format Version 12.00
# Visual Studio Version 17
VisualStudioVersion = 17.0.31912.275
MinimumVisualStudioVersion = 10.0.40219.1
Project("{9A19103F-16F7-4668-BE54-9A1E7A4F7556}") = "XunitPOM", "XunitPOM\XunitPOM.csproj", "{75C22FAF-B774-478B-97F8-9F60D53D473F}"
EndProject
Project("{FAE04EC0-301F-11D3-BF4B-00C04F79EFBC}") = "Xunit.WebDriver", "WebDriver\Xunit.WebDriver.csproj", "{9EEA329D-AAE0-4E84-B7DF-70A8AEC537BF}"
EndProject
Global
	GlobalSection(SolutionConfigurationPlatforms) = preSolution
		Debug|Any CPU = Debug|Any CPU
		Release|Any CPU = Release|Any CPU
	EndGlobalSection
	GlobalSection(ProjectConfigurationPlatforms) = postSolution
		{75C22FAF-B774-478B-97F8-9F60D53D473F}.Debug|Any CPU.ActiveCfg = Debug|Any CPU
		{75C22FAF-B774-478B-97F8-9F60D53D473F}.Debug|Any CPU.Build.0 = Debug|Any CPU
		{75C22FAF-B774-478B-97F8-9F60D53D473F}.Release|Any CPU.ActiveCfg = Release|Any CPU
		{75C22FAF-B774-478B-97F8-9F60D53D473F}.Release|Any CPU.Build.0 = Release|Any CPU
		{9EEA329D-AAE0-4E84-B7DF-70A8AEC537BF}.Debug|Any CPU.ActiveCfg = Debug|Any CPU
		{9EEA329D-AAE0-4E84-B7DF-70A8AEC537BF}.Debug|Any CPU.Build.0 = Debug|Any CPU
		{9EEA329D-AAE0-4E84-B7DF-70A8AEC537BF}.Release|Any CPU.ActiveCfg = Release|Any CPU
		{9EEA329D-AAE0-4E84-B7DF-70A8AEC537BF}.Release|Any CPU.Build.0 = Release|Any CPU
	EndGlobalSection
	GlobalSection(SolutionProperties) = preSolution
		HideSolutionNode = FALSE
	EndGlobalSection
	GlobalSection(ExtensibilityGlobals) = postSolution
		SolutionGuid = {F1D78E48-D136-485B-A8B5-126E06A2AE4A}
	EndGlobalSection
EndGlobal
