
Microsoft Visual Studio Solution File, Format Version 12.00
# Visual Studio Version 17
VisualStudioVersion = 17.0.31919.166
MinimumVisualStudioVersion = 10.0.40219.1
Project("{FAE04EC0-301F-11D3-BF4B-00C04F79EFBC}") = "QuyenLLP_FinalTest", "QuyenLLP_FinalTest\QuyenLLP_FinalTest.csproj", "{9FE68374-423F-4F89-A06A-CCC6C3233778}"
EndProject
Project("{FAE04EC0-301F-11D3-BF4B-00C04F79EFBC}") = "POM_Driver", "POM\POM_Driver.csproj", "{7A2FD0A7-5AF0-48FF-BCF3-ED2375CABB7C}"
EndProject
Global
	GlobalSection(SolutionConfigurationPlatforms) = preSolution
		Debug|Any CPU = Debug|Any CPU
		Release|Any CPU = Release|Any CPU
	EndGlobalSection
	GlobalSection(ProjectConfigurationPlatforms) = postSolution
		{9FE68374-423F-4F89-A06A-CCC6C3233778}.Debug|Any CPU.ActiveCfg = Debug|Any CPU
		{9FE68374-423F-4F89-A06A-CCC6C3233778}.Debug|Any CPU.Build.0 = Debug|Any CPU
		{9FE68374-423F-4F89-A06A-CCC6C3233778}.Release|Any CPU.ActiveCfg = Release|Any CPU
		{9FE68374-423F-4F89-A06A-CCC6C3233778}.Release|Any CPU.Build.0 = Release|Any CPU
		{7A2FD0A7-5AF0-48FF-BCF3-ED2375CABB7C}.Debug|Any CPU.ActiveCfg = Debug|Any CPU
		{7A2FD0A7-5AF0-48FF-BCF3-ED2375CABB7C}.Debug|Any CPU.Build.0 = Debug|Any CPU
		{7A2FD0A7-5AF0-48FF-BCF3-ED2375CABB7C}.Release|Any CPU.ActiveCfg = Release|Any CPU
		{7A2FD0A7-5AF0-48FF-BCF3-ED2375CABB7C}.Release|Any CPU.Build.0 = Release|Any CPU
	EndGlobalSection
	GlobalSection(SolutionProperties) = preSolution
		HideSolutionNode = FALSE
	EndGlobalSection
	GlobalSection(ExtensibilityGlobals) = postSolution
		SolutionGuid = {C7B3CBB0-2CE1-4659-A642-F4E25BFB1733}
	EndGlobalSection
EndGlobal
