
Microsoft Visual Studio Solution File, Format Version 12.00
# Visual Studio Version 17
VisualStudioVersion = 17.0.31919.166
MinimumVisualStudioVersion = 10.0.40219.1
Project("{FAE04EC0-301F-11D3-BF4B-00C04F79EFBC}") = "Final", "Final\Final.csproj", "{138AA61B-DAC0-4F2B-A96D-4B76FEDA4D92}"
EndProject
Project("{FAE04EC0-301F-11D3-BF4B-00C04F79EFBC}") = "BrowserFactory", "BrowserFactory\BrowserFactory.csproj", "{D16BEBC5-39D0-4842-8CDC-5A5D7B3594A9}"
EndProject
Global
	GlobalSection(SolutionConfigurationPlatforms) = preSolution
		Debug|Any CPU = Debug|Any CPU
		Release|Any CPU = Release|Any CPU
	EndGlobalSection
	GlobalSection(ProjectConfigurationPlatforms) = postSolution
		{138AA61B-DAC0-4F2B-A96D-4B76FEDA4D92}.Debug|Any CPU.ActiveCfg = Debug|Any CPU
		{138AA61B-DAC0-4F2B-A96D-4B76FEDA4D92}.Debug|Any CPU.Build.0 = Debug|Any CPU
		{138AA61B-DAC0-4F2B-A96D-4B76FEDA4D92}.Release|Any CPU.ActiveCfg = Release|Any CPU
		{138AA61B-DAC0-4F2B-A96D-4B76FEDA4D92}.Release|Any CPU.Build.0 = Release|Any CPU
		{D16BEBC5-39D0-4842-8CDC-5A5D7B3594A9}.Debug|Any CPU.ActiveCfg = Debug|Any CPU
		{D16BEBC5-39D0-4842-8CDC-5A5D7B3594A9}.Debug|Any CPU.Build.0 = Debug|Any CPU
		{D16BEBC5-39D0-4842-8CDC-5A5D7B3594A9}.Release|Any CPU.ActiveCfg = Release|Any CPU
		{D16BEBC5-39D0-4842-8CDC-5A5D7B3594A9}.Release|Any CPU.Build.0 = Release|Any CPU
	EndGlobalSection
	GlobalSection(SolutionProperties) = preSolution
		HideSolutionNode = FALSE
	EndGlobalSection
	GlobalSection(ExtensibilityGlobals) = postSolution
		SolutionGuid = {795464EF-2523-4F2E-96F2-9E0903F54975}
	EndGlobalSection
EndGlobal
