
Microsoft Visual Studio Solution File, Format Version 12.00
# Visual Studio Version 16
VisualStudioVersion = 16.0.31313.79
MinimumVisualStudioVersion = 10.0.40219.1
Project("{9A19103F-16F7-4668-BE54-9A1E7A4F7556}") = "PHP_Travel_POM", "PHP_Travel_POM\PHP_Travel_POM.csproj", "{6B00A7B8-6862-4D56-859D-7F1C1BCD48E1}"
EndProject
Project("{9A19103F-16F7-4668-BE54-9A1E7A4F7556}") = "PHP_Travel_DriverFactory", "DriverFactory\PHP_Travel_DriverFactory.csproj", "{04E3C8EC-53A7-408E-BCF7-6B7B16AA5F34}"
EndProject
Global
	GlobalSection(SolutionConfigurationPlatforms) = preSolution
		Debug|Any CPU = Debug|Any CPU
		Release|Any CPU = Release|Any CPU
	EndGlobalSection
	GlobalSection(ProjectConfigurationPlatforms) = postSolution
		{6B00A7B8-6862-4D56-859D-7F1C1BCD48E1}.Debug|Any CPU.ActiveCfg = Debug|Any CPU
		{6B00A7B8-6862-4D56-859D-7F1C1BCD48E1}.Debug|Any CPU.Build.0 = Debug|Any CPU
		{6B00A7B8-6862-4D56-859D-7F1C1BCD48E1}.Release|Any CPU.ActiveCfg = Release|Any CPU
		{6B00A7B8-6862-4D56-859D-7F1C1BCD48E1}.Release|Any CPU.Build.0 = Release|Any CPU
		{04E3C8EC-53A7-408E-BCF7-6B7B16AA5F34}.Debug|Any CPU.ActiveCfg = Debug|Any CPU
		{04E3C8EC-53A7-408E-BCF7-6B7B16AA5F34}.Debug|Any CPU.Build.0 = Debug|Any CPU
		{04E3C8EC-53A7-408E-BCF7-6B7B16AA5F34}.Release|Any CPU.ActiveCfg = Release|Any CPU
		{04E3C8EC-53A7-408E-BCF7-6B7B16AA5F34}.Release|Any CPU.Build.0 = Release|Any CPU
	EndGlobalSection
	GlobalSection(SolutionProperties) = preSolution
		HideSolutionNode = FALSE
	EndGlobalSection
	GlobalSection(ExtensibilityGlobals) = postSolution
		SolutionGuid = {4D40BC08-9D47-4343-B695-C55F15CA7C99}
	EndGlobalSection
EndGlobal
