
Microsoft Visual Studio Solution File, Format Version 12.00
# Visual Studio Version 16
VisualStudioVersion = 16.0.31729.503
MinimumVisualStudioVersion = 10.0.40219.1
Project("{FAE04EC0-301F-11D3-BF4B-00C04F79EFBC}") = "LuanNHB_Final", "LuanNHB_Final\LuanNHB_Final.csproj", "{8C4E88D2-1F85-4F9C-A5CF-77117579C1B3}"
EndProject
Project("{FAE04EC0-301F-11D3-BF4B-00C04F79EFBC}") = "WebDriverFactory", "WebDriverFactory\WebDriverFactory.csproj", "{8A228092-9F28-4D44-8F83-49D65236EAD8}"
EndProject
Global
	GlobalSection(SolutionConfigurationPlatforms) = preSolution
		Debug|Any CPU = Debug|Any CPU
		Release|Any CPU = Release|Any CPU
	EndGlobalSection
	GlobalSection(ProjectConfigurationPlatforms) = postSolution
		{8C4E88D2-1F85-4F9C-A5CF-77117579C1B3}.Debug|Any CPU.ActiveCfg = Debug|Any CPU
		{8C4E88D2-1F85-4F9C-A5CF-77117579C1B3}.Debug|Any CPU.Build.0 = Debug|Any CPU
		{8C4E88D2-1F85-4F9C-A5CF-77117579C1B3}.Release|Any CPU.ActiveCfg = Release|Any CPU
		{8C4E88D2-1F85-4F9C-A5CF-77117579C1B3}.Release|Any CPU.Build.0 = Release|Any CPU
		{8A228092-9F28-4D44-8F83-49D65236EAD8}.Debug|Any CPU.ActiveCfg = Debug|Any CPU
		{8A228092-9F28-4D44-8F83-49D65236EAD8}.Debug|Any CPU.Build.0 = Debug|Any CPU
		{8A228092-9F28-4D44-8F83-49D65236EAD8}.Release|Any CPU.ActiveCfg = Release|Any CPU
		{8A228092-9F28-4D44-8F83-49D65236EAD8}.Release|Any CPU.Build.0 = Release|Any CPU
	EndGlobalSection
	GlobalSection(SolutionProperties) = preSolution
		HideSolutionNode = FALSE
	EndGlobalSection
	GlobalSection(ExtensibilityGlobals) = postSolution
		SolutionGuid = {42101913-9B1B-43BC-AB70-E8B6729A8FEA}
	EndGlobalSection
EndGlobal
