
Microsoft Visual Studio Solution File, Format Version 12.00
# Visual Studio Version 16
VisualStudioVersion = 16.0.31729.503
MinimumVisualStudioVersion = 10.0.40219.1
Project("{FAE04EC0-301F-11D3-BF4B-00C04F79EFBC}") = "ThaoPTT12 Final", "ThaoPTT12 Final\ThaoPTT12 Final.csproj", "{C8A10981-1ECD-4892-AD69-937169A79395}"
EndProject
Project("{FAE04EC0-301F-11D3-BF4B-00C04F79EFBC}") = "WebDriver", "WebDriver\WebDriver.csproj", "{26CF730A-1E86-410E-8800-27E194F65753}"
EndProject
Global
	GlobalSection(SolutionConfigurationPlatforms) = preSolution
		Debug|Any CPU = Debug|Any CPU
		Release|Any CPU = Release|Any CPU
	EndGlobalSection
	GlobalSection(ProjectConfigurationPlatforms) = postSolution
		{C8A10981-1ECD-4892-AD69-937169A79395}.Debug|Any CPU.ActiveCfg = Debug|Any CPU
		{C8A10981-1ECD-4892-AD69-937169A79395}.Debug|Any CPU.Build.0 = Debug|Any CPU
		{C8A10981-1ECD-4892-AD69-937169A79395}.Release|Any CPU.ActiveCfg = Release|Any CPU
		{C8A10981-1ECD-4892-AD69-937169A79395}.Release|Any CPU.Build.0 = Release|Any CPU
		{26CF730A-1E86-410E-8800-27E194F65753}.Debug|Any CPU.ActiveCfg = Debug|Any CPU
		{26CF730A-1E86-410E-8800-27E194F65753}.Debug|Any CPU.Build.0 = Debug|Any CPU
		{26CF730A-1E86-410E-8800-27E194F65753}.Release|Any CPU.ActiveCfg = Release|Any CPU
		{26CF730A-1E86-410E-8800-27E194F65753}.Release|Any CPU.Build.0 = Release|Any CPU
	EndGlobalSection
	GlobalSection(SolutionProperties) = preSolution
		HideSolutionNode = FALSE
	EndGlobalSection
	GlobalSection(ExtensibilityGlobals) = postSolution
		SolutionGuid = {13A85172-DAE4-4508-8265-0F4872A95D58}
	EndGlobalSection
EndGlobal
