
Microsoft Visual Studio Solution File, Format Version 12.00
# Visual Studio Version 17
VisualStudioVersion = 17.0.31912.275
MinimumVisualStudioVersion = 10.0.40219.1
Project("{9A19103F-16F7-4668-BE54-9A1E7A4F7556}") = "FinalTest", "FinalTest\FinalTest.csproj", "{2C0B450B-7238-464F-B0A7-09DDE55AE66E}"
EndProject
Project("{FAE04EC0-301F-11D3-BF4B-00C04F79EFBC}") = "Project1.WebDriver", "Project1.WebDriver\Project1.WebDriver.csproj", "{7702AA24-B2AE-461E-BF57-7BA669FDBC4E}"
EndProject
Global
	GlobalSection(SolutionConfigurationPlatforms) = preSolution
		Debug|Any CPU = Debug|Any CPU
		Release|Any CPU = Release|Any CPU
	EndGlobalSection
	GlobalSection(ProjectConfigurationPlatforms) = postSolution
		{2C0B450B-7238-464F-B0A7-09DDE55AE66E}.Debug|Any CPU.ActiveCfg = Debug|Any CPU
		{2C0B450B-7238-464F-B0A7-09DDE55AE66E}.Debug|Any CPU.Build.0 = Debug|Any CPU
		{2C0B450B-7238-464F-B0A7-09DDE55AE66E}.Release|Any CPU.ActiveCfg = Release|Any CPU
		{2C0B450B-7238-464F-B0A7-09DDE55AE66E}.Release|Any CPU.Build.0 = Release|Any CPU
		{7702AA24-B2AE-461E-BF57-7BA669FDBC4E}.Debug|Any CPU.ActiveCfg = Debug|Any CPU
		{7702AA24-B2AE-461E-BF57-7BA669FDBC4E}.Debug|Any CPU.Build.0 = Debug|Any CPU
		{7702AA24-B2AE-461E-BF57-7BA669FDBC4E}.Release|Any CPU.ActiveCfg = Release|Any CPU
		{7702AA24-B2AE-461E-BF57-7BA669FDBC4E}.Release|Any CPU.Build.0 = Release|Any CPU
	EndGlobalSection
	GlobalSection(SolutionProperties) = preSolution
		HideSolutionNode = FALSE
	EndGlobalSection
	GlobalSection(ExtensibilityGlobals) = postSolution
		SolutionGuid = {2008C4D1-60D9-4A70-85C3-93FE8DCFD795}
	EndGlobalSection
EndGlobal
